{
  "version": 4,
  "terraform_version": "1.12.2",
  "serial": 107,
  "lineage": "eb46c27c-07c9-6d0c-10af-0370d2ee67d6",
  "outputs": {
    "backend_api_url": {
      "value": "http://localhost:5000",
      "type": "string"
    },
    "db_connection_info": {
      "value": {
        "db_name": "vulnscan_db",
        "db_user": "vulnuser",
        "host_internal": "vulnscan-db",
        "port_host": 5432,
        "port_internal": 5432
      },
      "type": [
        "object",
        {
          "db_name": "string",
          "db_user": "string",
          "host_internal": "string",
          "port_host": "number",
          "port_internal": "number"
        }
      ],
      "sensitive": true
    },
    "db_container_name": {
      "value": "vulnscan-db",
      "type": "string"
    },
    "db_volume": {
      "value": "vulnscan-db-data",
      "type": "string"
    },
    "frontend_url": {
      "value": "http://localhost:3000",
      "type": "string"
    },
    "internal_network": {
      "value": "vulnscan-net",
      "type": "string"
    }
  },
  "resources": [
    {
      "mode": "managed",
      "type": "docker_network",
      "name": "internal",
      "provider": "provider[\"registry.terraform.io/kreuzwerker/docker\"]",
      "instances": [
        {
          "schema_version": 1,
          "attributes": {
            "attachable": false,
            "check_duplicate": null,
            "driver": "bridge",
            "id": "34d367149fcb27972c94b8002ef2242396236f1632e6b18e27967ba06e4c585e",
            "ingress": false,
            "internal": false,
            "ipam_config": [
              {
                "aux_address": {},
                "gateway": "172.19.0.1",
                "ip_range": "",
                "subnet": "172.19.0.0/16"
              }
            ],
            "ipam_driver": "default",
            "ipam_options": {},
            "ipv6": false,
            "labels": [],
            "name": "vulnscan-net",
            "options": {},
            "scope": "local"
          },
          "sensitive_attributes": [],
          "identity_schema_version": 0,
          "private": "eyJzY2hlbWFfdmVyc2lvbiI6IjEifQ=="
        }
      ]
    },
    {
      "mode": "managed",
      "type": "docker_volume",
      "name": "db_data",
      "provider": "provider[\"registry.terraform.io/kreuzwerker/docker\"]",
      "instances": [
        {
          "schema_version": 1,
          "attributes": {
            "driver": "local",
            "driver_opts": {},
            "id": "vulnscan-db-data",
            "labels": [],
            "mountpoint": "/var/lib/docker/volumes/vulnscan-db-data/_data",
            "name": "vulnscan-db-data"
          },
          "sensitive_attributes": [],
          "identity_schema_version": 0,
          "private": "eyJzY2hlbWFfdmVyc2lvbiI6IjEifQ=="
        }
      ]
    }
  ],
  "check_results": null
}
